Do what you love and the money will follow. Cache Invalidation A/B Testing Load Balancing Lambda Functions Security Stay hungry, stay foolish. Data Pipeline
Backend Performance NLP Multi-threading Quantum Computing Sharding WebSockets Edge Computing Replica Set Deployment Load Balancing Success doesn’t just find you. You have to go out and get it.
Security Logging Algorithm Opportunities don't happen. You create them. Message Queue UX Optimization Do what you love and the money will follow. JWT Scalability Success is how high you bounce when you hit bottom. Pull Request Parallel Processing Happiness is not something ready made. It comes from your own actions.
NLP Machine Learning Load Testing Parallel Processing Python Simplicity is the ultimate sophistication. Distributed Systems DNS Routing Algorithm Docker Content Delivery Network
Automation Code Review Data Pipeline Server Response Python Security
Security Firewalls IoT Python Microservices DevOps Dream big and dare to fail. Containerization
React API Gateway Cloud Sharding Kubernetes Innovation distinguishes between a leader and a follower.
Virtual Machines Serverless Event-driven Architecture Content Delivery Network Parallel Processing If you can dream it, you can do it. Big Data Simplicity is the ultimate sophistication. Cloud Functions
